// !$*UTF8*$!
{
	archiveVersion = 1;
	classes = {
	};
	objectVersion = 55;
	objects = {

/* Begin PBXBuildFile section */
		78139DD827F2D1D000E9EBFA /* NetworkService.swift in Sources */ = {isa = PBXBuildFile; fileRef = 78139DD727F2D1D000E9EBFA /* NetworkService.swift */; };
		78139DDB27F2DD9100E9EBFA /* NetworkDataFetcher.swift in Sources */ = {isa = PBXBuildFile; fileRef = 78139DDA27F2DD9100E9EBFA /* NetworkDataFetcher.swift */; };
		78139DDF27F2DDEF00E9EBFA /* SearchResults.swift in Sources */ = {isa = PBXBuildFile; fileRef = 78139DDE27F2DDEF00E9EBFA /* SearchResults.swift */; };
		7819184E27F15C8F00D5F540 /* AppDelegate.swift in Sources */ = {isa = PBXBuildFile; fileRef = 7819184D27F15C8F00D5F540 /* AppDelegate.swift */; };
		7819185027F15C8F00D5F540 /* SceneDelegate.swift in Sources */ = {isa = PBXBuildFile; fileRef = 7819184F27F15C8F00D5F540 /* SceneDelegate.swift */; };
		7819185227F15C8F00D5F540 /* ViewController.swift in Sources */ = {isa = PBXBuildFile; fileRef = 7819185127F15C8F00D5F540 /* ViewController.swift */; };
		7819185727F15C9400D5F540 /* Assets.xcassets in Resources */ = {isa = PBXBuildFile; fileRef = 7819185627F15C9400D5F540 /* Assets.xcassets */; };
		7819185A27F15C9400D5F540 /* LaunchScreen.storyboard in Resources */ = {isa = PBXBuildFile; fileRef = 7819185827F15C9400D5F540 /* LaunchScreen.storyboard */; };
		7819186227F15D5000D5F540 /* MainTabBarController.swift in Sources */ = {isa = PBXBuildFile; fileRef = 7819186127F15D5000D5F540 /* MainTabBarController.swift */; };
		7819186427F16A4D00D5F540 /* PhotosCollectionViewController.swift in Sources */ = {isa = PBXBuildFile; fileRef = 7819186327F16A4D00D5F540 /* PhotosCollectionViewController.swift */; };
/* End PBXBuildFile section */

/* Begin PBXFileReference section */
		78139DD727F2D1D000E9EBFA /* NetworkService.swift */ = {isa = PBXFileReference; lastKnownFileType = sourcecode.swift; path = NetworkService.swift; sourceTree = "<group>"; };
		78139DDA27F2DD9100E9EBFA /* NetworkDataFetcher.swift */ = {isa = PBXFileReference; lastKnownFileType = sourcecode.swift; path = NetworkDataFetcher.swift; sourceTree = "<group>"; };
		78139DDE27F2DDEF00E9EBFA /* SearchResults.swift */ = {isa = PBXFileReference; lastKnownFileType = sourcecode.swift; path = SearchResults.swift; sourceTree = "<group>"; };
		7819184A27F15C8F00D5F540 /* SerchPhotoApi.app */ = {isa = PBXFileReference; explicitFileType = wrapper.application; includeInIndex = 0; path = SerchPhotoApi.app; sourceTree = BUILT_PRODUCTS_DIR; };
		7819184D27F15C8F00D5F540 /* AppDelegate.swift */ = {isa = PBXFileReference; lastKnownFileType = sourcecode.swift; path = AppDelegate.swift; sourceTree = "<group>"; };
		7819184F27F15C8F00D5F540 /* SceneDelegate.swift */ = {isa = PBXFileReference; lastKnownFileType = sourcecode.swift; path = SceneDelegate.swift; sourceTree = "<group>"; };
		7819185127F15C8F00D5F540 /* ViewController.swift */ = {isa = PBXFileReference; lastKnownFileType = sourcecode.swift; path = ViewController.swift; sourceTree = "<group>"; };
		7819185627F15C9400D5F540 /* Assets.xcassets */ = {isa = PBXFileReference; lastKnownFileType = folder.assetcatalog; path = Assets.xcassets; sourceTree = "<group>"; };
		7819185927F15C9400D5F540 /* Base */ = {isa = PBXFileReference; lastKnownFileType = file.storyboard; name = Base; path = Base.lproj/LaunchScreen.storyboard; sourceTree = "<group>"; };
		7819185B27F15C9400D5F540 /* Info.plist */ = {isa = PBXFileReference; lastKnownFileType = text.plist.xml; path = Info.plist; sourceTree = "<group>"; };
		7819186127F15D5000D5F540 /* MainTabBarController.swift */ = {isa = PBXFileReference; lastKnownFileType = sourcecode.swift; path = MainTabBarController.swift; sourceTree = "<group>"; };
		7819186327F16A4D00D5F540 /* PhotosCollectionViewController.swift */ = {isa = PBXFileReference; lastKnownFileType = sourcecode.swift; path = PhotosCollectionViewController.swift; sourceTree = "<group>"; };
/* End PBXFileReference section */

/* Begin PBXFrameworksBuildPhase section */
		7819184727F15C8E00D5F540 /* Frameworks */ = {
			isa = PBXFrameworksBuildPhase;
			buildActionMask = 2147483647;
			files = (
			);
			runOnlyForDeploymentPostprocessing = 0;
		};
/* End PBXFrameworksBuildPhase section */

/* Begin PBXGroup section */
		78139DD927F2D94B00E9EBFA /* Servises */ = {
			isa = PBXGroup;
			children = (
				78139DD727F2D1D000E9EBFA /* NetworkService.swift */,
				78139DDA27F2DD9100E9EBFA /* NetworkDataFetcher.swift */,
			);
			path = Servises;
			sourceTree = "<group>";
		};
		78139DDC27F2DDD100E9EBFA /* Models */ = {
			isa = PBXGroup;
			children = (
				78139DDE27F2DDEF00E9EBFA /* SearchResults.swift */,
			);
			path = Models;
			sourceTree = "<group>";
		};
		7819184127F15C8E00D5F540 = {
			isa = PBXGroup;
			children = (
				7819184C27F15C8F00D5F540 /* SerchPhotoApi */,
				7819184B27F15C8F00D5F540 /* Products */,
			);
			sourceTree = "<group>";
		};
		7819184B27F15C8F00D5F540 /* Products */ = {
			isa = PBXGroup;
			children = (
				7819184A27F15C8F00D5F540 /* SerchPhotoApi.app */,
			);
			name = Products;
			sourceTree = "<group>";
		};
		7819184C27F15C8F00D5F540 /* SerchPhotoApi */ = {
			isa = PBXGroup;
			children = (
				78139DDC27F2DDD100E9EBFA /* Models */,
				78139DD927F2D94B00E9EBFA /* Servises */,
				7819184D27F15C8F00D5F540 /* AppDelegate.swift */,
				7819184F27F15C8F00D5F540 /* SceneDelegate.swift */,
				7819185127F15C8F00D5F540 /* ViewController.swift */,
				7819186127F15D5000D5F540 /* MainTabBarController.swift */,
				7819186327F16A4D00D5F540 /* PhotosCollectionViewController.swift */,
				7819185627F15C9400D5F540 /* Assets.xcassets */,
				7819185827F15C9400D5F540 /* LaunchScreen.storyboard */,
				7819185B27F15C9400D5F540 /* Info.plist */,
			);
			path = SerchPhotoApi;
			sourceTree = "<group>";
		};
/* End PBXGroup section */

/* Begin PBXNativeTarget section */
		7819184927F15C8E00D5F540 /* SerchPhotoApi */ = {
			isa = PBXNativeTarget;
			buildConfigurationList = 7819185E27F15C9400D5F540 /* Build configuration list for PBXNativeTarget "SerchPhotoApi" */;
			buildPhases = (
				7819184627F15C8E00D5F540 /* Sources */,
				7819184727F15C8E00D5F540 /* Frameworks */,
				7819184827F15C8E00D5F540 /* Resources */,
			);
			buildRules = (
			);
			dependencies = (
			);
			name = SerchPhotoApi;
			productName = SerchPhotoApi;
			productReference = 7819184A27F15C8F00D5F540 /* SerchPhotoApi.app */;
			productType = "com.apple.product-type.application";
		};
/* End PBXNativeTarget section */

/* Begin PBXProject section */
		7819184227F15C8E00D5F540 /* Project object */ = {
			isa = PBXProject;
			attributes = {
				BuildIndependentTargetsInParallel = 1;
				LastSwiftUpdateCheck = 1330;
				LastUpgradeCheck = 1330;
				TargetAttributes = {
					7819184927F15C8E00D5F540 = {
						CreatedOnToolsVersion = 13.3;
					};
				};
			};
			buildConfigurationList = 7819184527F15C8E00D5F540 /* Build configuration list for PBXProject "SerchPhotoApi" */;
			compatibilityVersion = "Xcode 13.0";
			developmentRegion = en;
			hasScannedForEncodings = 0;
			knownRegions = (
				en,
				Base,
			);
			mainGroup = 7819184127F15C8E00D5F540;
			productRefGroup = 7819184B27F15C8F00D5F540 /* Products */;
			projectDirPath = "";
			projectRoot = "";
			targets = (
				7819184927F15C8E00D5F540 /* SerchPhotoApi */,
			);
		};
/* End PBXProject section */

/* Begin PBXResourcesBuildPhase section */
		7819184827F15C8E00D5F540 /* Resources */ = {
			isa = PBXResourcesBuildPhase;
			buildActionMask = 2147483647;
			files = (
				7819185A27F15C9400D5F540 /* LaunchScreen.storyboard in Resources */,
				7819185727F15C9400D5F540 /* Assets.xcassets in Resources */,
			);
			runOnlyForDeploymentPostprocessing = 0;
		};
/* End PBXResourcesBuildPhase section */

/* Begin PBXSourcesBuildPhase section */
		7819184627F15C8E00D5F540 /* Sources */ = {
			isa = PBXSourcesBuildPhase;
			buildActionMask = 2147483647;
			files = (
				78139DDB27F2DD9100E9EBFA /* NetworkDataFetcher.swift in Sources */,
				7819185227F15C8F00D5F540 /* ViewController.swift in Sources */,
				7819184E27F15C8F00D5F540 /* AppDelegate.swift in Sources */,
				7819186227F15D5000D5F540 /* MainTabBarController.swift in Sources */,
				7819186427F16A4D00D5F540 /* PhotosCollectionViewController.swift in Sources */,
				78139DD827F2D1D000E9EBFA /* NetworkService.swift in Sources */,
				78139DDF27F2DDEF00E9EBFA /* SearchResults.swift in Sources */,
				7819185027F15C8F00D5F540 /* SceneDelegate.swift in Sources */,
			);
			runOnlyForDeploymentPostprocessing = 0;
		};
/* End PBXSourcesBuildPhase section */

/* Begin PBXVariantGroup section */
		7819185827F15C9400D5F540 /* LaunchScreen.storyboard */ = {
			isa = PBXVariantGroup;
			children = (
				7819185927F15C9400D5F540 /* Base */,
			);
			name = LaunchScreen.storyboard;
			sourceTree = "<group>";
		};
/* End PBXVariantGroup section */

/* Begin XCBuildConfiguration section */
		7819185C27F15C9400D5F540 /* Debug */ = {
			isa = XCBuildConfiguration;
			buildSettings = {
				ALWAYS_SEARCH_USER_PATHS = NO;
				CLANG_ANALYZER_NONNULL = YES;
				CLANG_ANALYZER_NUMBER_OBJECT_CONVERSION = YES_AGGRESSIVE;
				CLANG_CXX_LANGUAGE_STANDARD = "gnu++17";
				CLANG_ENABLE_MODULES = YES;
				CLANG_ENABLE_OBJC_ARC = YES;
				CLANG_ENABLE_OBJC_WEAK = YES;
				CLANG_WARN_BLOCK_CAPTURE_AUTORELEASING = YES;
				CLANG_WARN_BOOL_CONVERSION = YES;
				CLANG_WARN_COMMA = YES;
				CLANG_WARN_CONSTANT_CONVERSION = YES;
				CLANG_WARN_DEPRECATED_OBJC_IMPLEMENTATIONS = YES;
				CLANG_WARN_DIRECT_OBJC_ISA_USAGE = YES_ERROR;
				CLANG_WARN_DOCUMENTATION_COMMENTS = YES;
				CLANG_WARN_EMPTY_BODY = YES;
				CLANG_WARN_ENUM_CONVERSION = YES;
				CLANG_WARN_INFINITE_RECURSION = YES;
				CLANG_WARN_INT_CONVERSION = YES;
				CLANG_WARN_NON_LITERAL_NULL_CONVERSION = YES;
				CLANG_WARN_OBJC_IMPLICIT_RETAIN_SELF = YES;
				CLANG_WARN_OBJC_LITERAL_CONVERSION = YES;
				CLANG_WARN_OBJC_ROOT_CLASS = YES_ERROR;
				CLANG_WARN_QUOTED_INCLUDE_IN_FRAMEWORK_HEADER = YES;
				CLANG_WARN_RANGE_LOOP_ANALYSIS = YES;
				CLANG_WARN_STRICT_PROTOTYPES = YES;
				CLANG_WARN_SUSPICIOUS_MOVE = YES;
				CLANG_WARN_UNGUARDED_AVAILABILITY = YES_AGGRESSIVE;
				CLANG_WARN_UNREACHABLE_CODE = YES;
				CLANG_WARN__DUPLICATE_METHOD_MATCH = YES;
				COPY_PHASE_STRIP = NO;
				DEBUG_INFORMATION_FORMAT = dwarf;
				ENABLE_STRICT_OBJC_MSGSEND = YES;
				ENABLE_TESTABILITY = YES;
				GCC_C_LANGUAGE_STANDARD = gnu11;
				GCC_DYNAMIC_NO_PIC = NO;
				GCC_NO_COMMON_BLOCKS = YES;
				GCC_OPTIMIZATION_LEVEL = 0;
				GCC_PREPROCESSOR_DEFINITIONS = (
					"DEBUG=1",
					"$(inherited)",
				);
				GCC_WARN_64_TO_32_BIT_CONVERSION = YES;
				GCC_WARN_ABOUT_RETURN_TYPE = YES_ERROR;
				GCC_WARN_UNDECLARED_SELECTOR = YES;
				GCC_WARN_UNINITIALIZED_AUTOS = YES_AGGRESSIVE;
				GCC_WARN_UNUSED_FUNCTION = YES;
				GCC_WARN_UNUSED_VARIABLE = YES;
				IPHONEOS_DEPLOYMENT_TARGET = 15.4;
				MTL_ENABLE_DEBUG_INFO = INCLUDE_SOURCE;
				MTL_FAST_MATH = YES;
				ONLY_ACTIVE_ARCH = YES;
				SDKROOT = iphoneos;
				SWIFT_ACTIVE_COMPILATION_CONDITIONS = DEBUG;
				SWIFT_OPTIMIZATION_LEVEL = "-Onone";
			};
			name = Debug;
		};
		7819185D27F15C9400D5F540 /* Release */ = {
			isa = XCBuildConfiguration;
			buildSettings = {
				ALWAYS_SEARCH_USER_PATHS = NO;
				CLANG_ANALYZER_NONNULL = YES;
				CLANG_ANALYZER_NUMBER_OBJECT_CONVERSION = YES_AGGRESSIVE;
				CLANG_CXX_LANGUAGE_STANDARD = "gnu++17";
				CLANG_ENABLE_MODULES = YES;
				CLANG_ENABLE_OBJC_ARC = YES;
				CLANG_ENABLE_OBJC_WEAK = YES;
				CLANG_WARN_BLOCK_CAPTURE_AUTORELEASING = YES;
				CLANG_WARN_BOOL_CONVERSION = YES;
				CLANG_WARN_COMMA = YES;
				CLANG_WARN_CONSTANT_CONVERSION = YES;
				CLANG_WARN_DEPRECATED_OBJC_IMPLEMENTATIONS = YES;
				CLANG_WARN_DIRECT_OBJC_ISA_USAGE = YES_ERROR;
				CLANG_WARN_DOCUMENTATION_COMMENTS = YES;
				CLANG_WARN_EMPTY_BODY = YES;
				CLANG_WARN_ENUM_CONVERSION = YES;
				CLANG_WARN_INFINITE_RECURSION = YES;
				CLANG_WARN_INT_CONVERSION = YES;
				CLANG_WARN_NON_LITERAL_NULL_CONVERSION = YES;
				CLANG_WARN_OBJC_IMPLICIT_RETAIN_SELF = YES;
				CLANG_WARN_OBJC_LITERAL_CONVERSION = YES;
				CLANG_WARN_OBJC_ROOT_CLASS = YES_ERROR;
				CLANG_WARN_QUOTED_INCLUDE_IN_FRAMEWORK_HEADER = YES;
				CLANG_WARN_RANGE_LOOP_ANALYSIS = YES;
				CLANG_WARN_STRICT_PROTOTYPES = YES;
				CLANG_WARN_SUSPICIOUS_MOVE = YES;
				CLANG_WARN_UNGUARDED_AVAILABILITY = YES_AGGRESSIVE;
				CLANG_WARN_UNREACHABLE_CODE = YES;
				CLANG_WARN__DUPLICATE_METHOD_MATCH = YES;
				COPY_PHASE_STRIP = NO;
				DEBUG_INFORMATION_FORMAT = "dwarf-with-dsym";
				ENABLE_NS_ASSERTIONS = NO;
				ENABLE_STRICT_OBJC_MSGSEND = YES;
				GCC_C_LANGUAGE_STANDARD = gnu11;
				GCC_NO_COMMON_BLOCKS = YES;
				GCC_WARN_64_TO_32_BIT_CONVERSION = YES;
				GCC_WARN_ABOUT_RETURN_TYPE = YES_ERROR;
				GCC_WARN_UNDECLARED_SELECTOR = YES;
				GCC_WARN_UNINITIALIZED_AUTOS = YES_AGGRESSIVE;
				GCC_WARN_UNUSED_FUNCTION = YES;
				GCC_WARN_UNUSED_VARIABLE = YES;
				IPHONEOS_DEPLOYMENT_TARGET = 15.4;
				MTL_ENABLE_DEBUG_INFO = NO;
				MTL_FAST_MATH = YES;
				SDKROOT = iphoneos;
				SWIFT_COMPILATION_MODE = wholemodule;
				SWIFT_OPTIMIZATION_LEVEL = "-O";
				VALIDATE_PRODUCT = YES;
			};
			name = Release;
		};
		7819185F27F15C9400D5F540 /* Debug */ = {
			isa = XCBuildConfiguration;
			buildSettings = {
				ASSETCATALOG_COMPILER_APPICON_NAME = AppIcon;
				ASSETCATALOG_COMPILER_GLOBAL_ACCENT_COLOR_NAME = AccentColor;
				CODE_SIGN_STYLE = Automatic;
				CURRENT_PROJECT_VERSION = 1;
				DEVELOPMENT_TEAM = 444BVR3W4R;
				GENERATE_INFOPLIST_FILE = YES;
				INFOPLIST_FILE = SerchPhotoApi/Info.plist;
				INFOPLIST_KEY_UIApplicationSupportsIndirectInputEvents = YES;
				INFOPLIST_KEY_UILaunchStoryboardName = LaunchScreen;
				INFOPLIST_KEY_UISupportedInterfaceOrientations_iPad = "UIInterfaceOrientationPortrait UIInterfaceOrientationPortraitUpsideDown UIInterfaceOrientationLandscapeLeft UIInterfaceOrientationLandscapeRight";
				INFOPLIST_KEY_UISupportedInterfaceOrientations_iPhone = "UIInterfaceOrientationPortrait UIInterfaceOrientationLandscapeLeft UIInterfaceOrientationLandscapeRight";
				LD_RUNPATH_SEARCH_PATHS = (
					"$(inherited)",
					"@executable_path/Frameworks",
				);
				MARKETING_VERSION = 1.0;
				PRODUCT_BUNDLE_IDENTIFIER = com.somecom.SerchPhotoApi;
				PRODUCT_NAME = "$(TARGET_NAME)";
				SWIFT_EMIT_LOC_STRINGS = YES;
				SWIFT_VERSION = 5.0;
				TARGETED_DEVICE_FAMILY = "1,2";
			};
			name = Debug;
		};
		7819186027F15C9400D5F540 /* Release */ = {
			isa = XCBuildConfiguration;
			buildSettings = {
				ASSETCATALOG_COMPILER_APPICON_NAME = AppIcon;
				ASSETCATALOG_COMPILER_GLOBAL_ACCENT_COLOR_NAME = AccentColor;
				CODE_SIGN_STYLE = Automatic;
				CURRENT_PROJECT_VERSION = 1;
				DEVELOPMENT_TEAM = 444BVR3W4R;
				GENERATE_INFOPLIST_FILE = YES;
				INFOPLIST_FILE = SerchPhotoApi/Info.plist;
				INFOPLIST_KEY_UIApplicationSupportsIndirectInputEvents = YES;
				INFOPLIST_KEY_UILaunchStoryboardName = LaunchScreen;
				INFOPLIST_KEY_UISupportedInterfaceOrientations_iPad = "UIInterfaceOrientationPortrait UIInterfaceOrientationPortraitUpsideDown UIInterfaceOrientationLandscapeLeft UIInterfaceOrientationLandscapeRight";
				INFOPLIST_KEY_UISupportedInterfaceOrientations_iPhone = "UIInterfaceOrientationPortrait UIInterfaceOrientationLandscapeLeft UIInterfaceOrientationLandscapeRight";
				LD_RUNPATH_SEARCH_PATHS = (
					"$(inherited)",
					"@executable_path/Frameworks",
				);
				MARKETING_VERSION = 1.0;
				PRODUCT_BUNDLE_IDENTIFIER = com.somecom.SerchPhotoApi;
				PRODUCT_NAME = "$(TARGET_NAME)";
				SWIFT_EMIT_LOC_STRINGS = YES;
				SWIFT_VERSION = 5.0;
				TARGETED_DEVICE_FAMILY = "1,2";
			};
			name = Release;
		};
/* End XCBuildConfiguration section */

/* Begin XCConfigurationList section */
		7819184527F15C8E00D5F540 /* Build configuration list for PBXProject "SerchPhotoApi" */ = {
			isa = XCConfigurationList;
			buildConfigurations = (
				7819185C27F15C9400D5F540 /* Debug */,
				7819185D27F15C9400D5F540 /* Release */,
			);
			defaultConfigurationIsVisible = 0;
			defaultConfigurationName = Release;
		};
		7819185E27F15C9400D5F540 /* Build configuration list for PBXNativeTarget "SerchPhotoApi" */ = {
			isa = XCConfigurationList;
			buildConfigurations = (
				7819185F27F15C9400D5F540 /* Debug */,
				7819186027F15C9400D5F540 /* Release */,
			);
			defaultConfigurationIsVisible = 0;
			defaultConfigurationName = Release;
		};
/* End XCConfigurationList section */
	};
	rootObject = 7819184227F15C8E00D5F540 /* Project object */;
}
