// !$*UTF8*$!
{
	archiveVersion = 1;
	classes = {
	};
	objectVersion = 55;
	objects = {

/* Begin PBXBuildFile section */
		7806D37628276D0E00B38A0F /* AppDelegate.swift in Sources */ = {isa = PBXBuildFile; fileRef = 7806D37528276D0E00B38A0F /* AppDelegate.swift */; };
		7806D37828276D0E00B38A0F /* SceneDelegate.swift in Sources */ = {isa = PBXBuildFile; fileRef = 7806D37728276D0E00B38A0F /* SceneDelegate.swift */; };
		7806D37A28276D0E00B38A0F /* HomeViewController.swift in Sources */ = {isa = PBXBuildFile; fileRef = 7806D37928276D0E00B38A0F /* HomeViewController.swift */; };
		7806D37D28276D0E00B38A0F /* Main.storyboard in Resources */ = {isa = PBXBuildFile; fileRef = 7806D37B28276D0E00B38A0F /* Main.storyboard */; };
		7806D37F28276D1300B38A0F /* Assets.xcassets in Resources */ = {isa = PBXBuildFile; fileRef = 7806D37E28276D1300B38A0F /* Assets.xcassets */; };
		7806D38228276D1300B38A0F /* LaunchScreen.storyboard in Resources */ = {isa = PBXBuildFile; fileRef = 7806D38028276D1300B38A0F /* LaunchScreen.storyboard */; };
		7806D38A28278CF200B38A0F /* SectionCollectionViewCell.swift in Sources */ = {isa = PBXBuildFile; fileRef = 7806D38928278CF200B38A0F /* SectionCollectionViewCell.swift */; };
		7806D38C28278D0B00B38A0F /* Data.swift in Sources */ = {isa = PBXBuildFile; fileRef = 7806D38B28278D0B00B38A0F /* Data.swift */; };
		78163969282BD3EF00190846 /* TestimonialViewController.swift in Sources */ = {isa = PBXBuildFile; fileRef = 78163968282BD3EF00190846 /* TestimonialViewController.swift */; };
		7816396B282BD40E00190846 /* TestimonialCollectionViewCell.swift in Sources */ = {isa = PBXBuildFile; fileRef = 7816396A282BD40E00190846 /* TestimonialCollectionViewCell.swift */; };
		7825C633284891C900FB36E8 /* ChaptersViewController.swift in Sources */ = {isa = PBXBuildFile; fileRef = 7825C632284891C900FB36E8 /* ChaptersViewController.swift */; };
		78D97D83282CE05200122A7A /* SectionViewController.swift in Sources */ = {isa = PBXBuildFile; fileRef = 78D97D82282CE05200122A7A /* SectionViewController.swift */; };
		78DFC952284BA2D700D27950 /* BookmarsTableViewController.swift in Sources */ = {isa = PBXBuildFile; fileRef = 78DFC951284BA2D700D27950 /* BookmarsTableViewController.swift */; };
		78DFC954284BAE4E00D27950 /* BookmarkTableViewCell.swift in Sources */ = {isa = PBXBuildFile; fileRef = 78DFC953284BAE4E00D27950 /* BookmarkTableViewCell.swift */; };
/* End PBXBuildFile section */

/* Begin PBXFileReference section */
		7806D37228276D0E00B38A0F /* collectionviewdemo.app */ = {isa = PBXFileReference; explicitFileType = wrapper.application; includeInIndex = 0; path = collectionviewdemo.app; sourceTree = BUILT_PRODUCTS_DIR; };
		7806D37528276D0E00B38A0F /* AppDelegate.swift */ = {isa = PBXFileReference; lastKnownFileType = sourcecode.swift; path = AppDelegate.swift; sourceTree = "<group>"; };
		7806D37728276D0E00B38A0F /* SceneDelegate.swift */ = {isa = PBXFileReference; lastKnownFileType = sourcecode.swift; path = SceneDelegate.swift; sourceTree = "<group>"; };
		7806D37928276D0E00B38A0F /* HomeViewController.swift */ = {isa = PBXFileReference; lastKnownFileType = sourcecode.swift; path = HomeViewController.swift; sourceTree = "<group>"; };
		7806D37C28276D0E00B38A0F /* Base */ = {isa = PBXFileReference; lastKnownFileType = file.storyboard; name = Base; path = Base.lproj/Main.storyboard; sourceTree = "<group>"; };
		7806D37E28276D1300B38A0F /* Assets.xcassets */ = {isa = PBXFileReference; lastKnownFileType = folder.assetcatalog; path = Assets.xcassets; sourceTree = "<group>"; };
		7806D38128276D1300B38A0F /* Base */ = {isa = PBXFileReference; lastKnownFileType = file.storyboard; name = Base; path = Base.lproj/LaunchScreen.storyboard; sourceTree = "<group>"; };
		7806D38328276D1300B38A0F /* Info.plist */ = {isa = PBXFileReference; lastKnownFileType = text.plist.xml; path = Info.plist; sourceTree = "<group>"; };
		7806D38928278CF200B38A0F /* SectionCollectionViewCell.swift */ = {isa = PBXFileReference; lastKnownFileType = sourcecode.swift; path = SectionCollectionViewCell.swift; sourceTree = "<group>"; };
		7806D38B28278D0B00B38A0F /* Data.swift */ = {isa = PBXFileReference; lastKnownFileType = sourcecode.swift; path = Data.swift; sourceTree = "<group>"; };
		78163968282BD3EF00190846 /* TestimonialViewController.swift */ = {isa = PBXFileReference; lastKnownFileType = sourcecode.swift; path = TestimonialViewController.swift; sourceTree = "<group>"; };
		7816396A282BD40E00190846 /* TestimonialCollectionViewCell.swift */ = {isa = PBXFileReference; lastKnownFileType = sourcecode.swift; path = TestimonialCollectionViewCell.swift; sourceTree = "<group>"; };
		7825C632284891C900FB36E8 /* ChaptersViewController.swift */ = {isa = PBXFileReference; lastKnownFileType = sourcecode.swift; path = ChaptersViewController.swift; sourceTree = "<group>"; };
		78D97D82282CE05200122A7A /* SectionViewController.swift */ = {isa = PBXFileReference; lastKnownFileType = sourcecode.swift; path = SectionViewController.swift; sourceTree = "<group>"; };
		78DFC951284BA2D700D27950 /* BookmarsTableViewController.swift */ = {isa = PBXFileReference; lastKnownFileType = sourcecode.swift; path = BookmarsTableViewController.swift; sourceTree = "<group>"; };
		78DFC953284BAE4E00D27950 /* BookmarkTableViewCell.swift */ = {isa = PBXFileReference; lastKnownFileType = sourcecode.swift; path = BookmarkTableViewCell.swift; sourceTree = "<group>"; };
/* End PBXFileReference section */

/* Begin PBXFrameworksBuildPhase section */
		7806D36F28276D0E00B38A0F /* Frameworks */ = {
			isa = PBXFrameworksBuildPhase;
			buildActionMask = 2147483647;
			files = (
			);
			runOnlyForDeploymentPostprocessing = 0;
		};
/* End PBXFrameworksBuildPhase section */

/* Begin PBXGroup section */
		7806D36928276D0E00B38A0F = {
			isa = PBXGroup;
			children = (
				7806D37428276D0E00B38A0F /* collectionviewdemo */,
				7806D37328276D0E00B38A0F /* Products */,
			);
			sourceTree = "<group>";
		};
		7806D37328276D0E00B38A0F /* Products */ = {
			isa = PBXGroup;
			children = (
				7806D37228276D0E00B38A0F /* collectionviewdemo.app */,
			);
			name = Products;
			sourceTree = "<group>";
		};
		7806D37428276D0E00B38A0F /* collectionviewdemo */ = {
			isa = PBXGroup;
			children = (
				7806D37528276D0E00B38A0F /* AppDelegate.swift */,
				7806D37728276D0E00B38A0F /* SceneDelegate.swift */,
				7806D37928276D0E00B38A0F /* HomeViewController.swift */,
				7806D37B28276D0E00B38A0F /* Main.storyboard */,
				78DFC953284BAE4E00D27950 /* BookmarkTableViewCell.swift */,
				7806D37E28276D1300B38A0F /* Assets.xcassets */,
				7806D38028276D1300B38A0F /* LaunchScreen.storyboard */,
				7806D38328276D1300B38A0F /* Info.plist */,
				7806D38928278CF200B38A0F /* SectionCollectionViewCell.swift */,
				78163968282BD3EF00190846 /* TestimonialViewController.swift */,
				7816396A282BD40E00190846 /* TestimonialCollectionViewCell.swift */,
				7806D38B28278D0B00B38A0F /* Data.swift */,
				78D97D82282CE05200122A7A /* SectionViewController.swift */,
				7825C632284891C900FB36E8 /* ChaptersViewController.swift */,
				78DFC951284BA2D700D27950 /* BookmarsTableViewController.swift */,
			);
			path = collectionviewdemo;
			sourceTree = "<group>";
		};
/* End PBXGroup section */

/* Begin PBXNativeTarget section */
		7806D37128276D0E00B38A0F /* collectionviewdemo */ = {
			isa = PBXNativeTarget;
			buildConfigurationList = 7806D38628276D1300B38A0F /* Build configuration list for PBXNativeTarget "collectionviewdemo" */;
			buildPhases = (
				7806D36E28276D0E00B38A0F /* Sources */,
				7806D36F28276D0E00B38A0F /* Frameworks */,
				7806D37028276D0E00B38A0F /* Resources */,
			);
			buildRules = (
			);
			dependencies = (
			);
			name = collectionviewdemo;
			productName = collectionviewdemo;
			productReference = 7806D37228276D0E00B38A0F /* collectionviewdemo.app */;
			productType = "com.apple.product-type.application";
		};
/* End PBXNativeTarget section */

/* Begin PBXProject section */
		7806D36A28276D0E00B38A0F /* Project object */ = {
			isa = PBXProject;
			attributes = {
				BuildIndependentTargetsInParallel = 1;
				LastSwiftUpdateCheck = 1330;
				LastUpgradeCheck = 1330;
				TargetAttributes = {
					7806D37128276D0E00B38A0F = {
						CreatedOnToolsVersion = 13.3.1;
					};
				};
			};
			buildConfigurationList = 7806D36D28276D0E00B38A0F /* Build configuration list for PBXProject "collectionviewdemo" */;
			compatibilityVersion = "Xcode 13.0";
			developmentRegion = en;
			hasScannedForEncodings = 0;
			knownRegions = (
				en,
				Base,
			);
			mainGroup = 7806D36928276D0E00B38A0F;
			productRefGroup = 7806D37328276D0E00B38A0F /* Products */;
			projectDirPath = "";
			projectRoot = "";
			targets = (
				7806D37128276D0E00B38A0F /* collectionviewdemo */,
			);
		};
/* End PBXProject section */

/* Begin PBXResourcesBuildPhase section */
		7806D37028276D0E00B38A0F /* Resources */ = {
			isa = PBXResourcesBuildPhase;
			buildActionMask = 2147483647;
			files = (
				7806D38228276D1300B38A0F /* LaunchScreen.storyboard in Resources */,
				7806D37F28276D1300B38A0F /* Assets.xcassets in Resources */,
				7806D37D28276D0E00B38A0F /* Main.storyboard in Resources */,
			);
			runOnlyForDeploymentPostprocessing = 0;
		};
/* End PBXResourcesBuildPhase section */

/* Begin PBXSourcesBuildPhase section */
		7806D36E28276D0E00B38A0F /* Sources */ = {
			isa = PBXSourcesBuildPhase;
			buildActionMask = 2147483647;
			files = (
				7806D37A28276D0E00B38A0F /* HomeViewController.swift in Sources */,
				78DFC952284BA2D700D27950 /* BookmarsTableViewController.swift in Sources */,
				7806D38C28278D0B00B38A0F /* Data.swift in Sources */,
				78D97D83282CE05200122A7A /* SectionViewController.swift in Sources */,
				78DFC954284BAE4E00D27950 /* BookmarkTableViewCell.swift in Sources */,
				78163969282BD3EF00190846 /* TestimonialViewController.swift in Sources */,
				7806D37628276D0E00B38A0F /* AppDelegate.swift in Sources */,
				7806D38A28278CF200B38A0F /* SectionCollectionViewCell.swift in Sources */,
				7816396B282BD40E00190846 /* TestimonialCollectionViewCell.swift in Sources */,
				7806D37828276D0E00B38A0F /* SceneDelegate.swift in Sources */,
				7825C633284891C900FB36E8 /* ChaptersViewController.swift in Sources */,
			);
			runOnlyForDeploymentPostprocessing = 0;
		};
/* End PBXSourcesBuildPhase section */

/* Begin PBXVariantGroup section */
		7806D37B28276D0E00B38A0F /* Main.storyboard */ = {
			isa = PBXVariantGroup;
			children = (
				7806D37C28276D0E00B38A0F /* Base */,
			);
			name = Main.storyboard;
			sourceTree = "<group>";
		};
		7806D38028276D1300B38A0F /* LaunchScreen.storyboard */ = {
			isa = PBXVariantGroup;
			children = (
				7806D38128276D1300B38A0F /* Base */,
			);
			name = LaunchScreen.storyboard;
			sourceTree = "<group>";
		};
/* End PBXVariantGroup section */

/* Begin XCBuildConfiguration section */
		7806D38428276D1300B38A0F /* Debug */ = {
			isa = XCBuildConfiguration;
			buildSettings = {
				ALWAYS_SEARCH_USER_PATHS = NO;
				CLANG_ANALYZER_NONNULL = YES;
				CLANG_ANALYZER_NUMBER_OBJECT_CONVERSION = YES_AGGRESSIVE;
				CLANG_CXX_LANGUAGE_STANDARD = "gnu++17";
				CLANG_ENABLE_MODULES = YES;
				CLANG_ENABLE_OBJC_ARC = YES;
				CLANG_ENABLE_OBJC_WEAK = YES;
				CLANG_WARN_BLOCK_CAPTURE_AUTORELEASING = YES;
				CLANG_WARN_BOOL_CONVERSION = YES;
				CLANG_WARN_COMMA = YES;
				CLANG_WARN_CONSTANT_CONVERSION = YES;
				CLANG_WARN_DEPRECATED_OBJC_IMPLEMENTATIONS = YES;
				CLANG_WARN_DIRECT_OBJC_ISA_USAGE = YES_ERROR;
				CLANG_WARN_DOCUMENTATION_COMMENTS = YES;
				CLANG_WARN_EMPTY_BODY = YES;
				CLANG_WARN_ENUM_CONVERSION = YES;
				CLANG_WARN_INFINITE_RECURSION = YES;
				CLANG_WARN_INT_CONVERSION = YES;
				CLANG_WARN_NON_LITERAL_NULL_CONVERSION = YES;
				CLANG_WARN_OBJC_IMPLICIT_RETAIN_SELF = YES;
				CLANG_WARN_OBJC_LITERAL_CONVERSION = YES;
				CLANG_WARN_OBJC_ROOT_CLASS = YES_ERROR;
				CLANG_WARN_QUOTED_INCLUDE_IN_FRAMEWORK_HEADER = YES;
				CLANG_WARN_RANGE_LOOP_ANALYSIS = YES;
				CLANG_WARN_STRICT_PROTOTYPES = YES;
				CLANG_WARN_SUSPICIOUS_MOVE = YES;
				CLANG_WARN_UNGUARDED_AVAILABILITY = YES_AGGRESSIVE;
				CLANG_WARN_UNREACHABLE_CODE = YES;
				CLANG_WARN__DUPLICATE_METHOD_MATCH = YES;
				COPY_PHASE_STRIP = NO;
				DEBUG_INFORMATION_FORMAT = dwarf;
				ENABLE_STRICT_OBJC_MSGSEND = YES;
				ENABLE_TESTABILITY = YES;
				GCC_C_LANGUAGE_STANDARD = gnu11;
				GCC_DYNAMIC_NO_PIC = NO;
				GCC_NO_COMMON_BLOCKS = YES;
				GCC_OPTIMIZATION_LEVEL = 0;
				GCC_PREPROCESSOR_DEFINITIONS = (
					"DEBUG=1",
					"$(inherited)",
				);
				GCC_WARN_64_TO_32_BIT_CONVERSION = YES;
				GCC_WARN_ABOUT_RETURN_TYPE = YES_ERROR;
				GCC_WARN_UNDECLARED_SELECTOR = YES;
				GCC_WARN_UNINITIALIZED_AUTOS = YES_AGGRESSIVE;
				GCC_WARN_UNUSED_FUNCTION = YES;
				GCC_WARN_UNUSED_VARIABLE = YES;
				IPHONEOS_DEPLOYMENT_TARGET = 15.4;
				MTL_ENABLE_DEBUG_INFO = INCLUDE_SOURCE;
				MTL_FAST_MATH = YES;
				ONLY_ACTIVE_ARCH = YES;
				SDKROOT = iphoneos;
				SWIFT_ACTIVE_COMPILATION_CONDITIONS = DEBUG;
				SWIFT_OPTIMIZATION_LEVEL = "-Onone";
			};
			name = Debug;
		};
		7806D38528276D1300B38A0F /* Release */ = {
			isa = XCBuildConfiguration;
			buildSettings = {
				ALWAYS_SEARCH_USER_PATHS = NO;
				CLANG_ANALYZER_NONNULL = YES;
				CLANG_ANALYZER_NUMBER_OBJECT_CONVERSION = YES_AGGRESSIVE;
				CLANG_CXX_LANGUAGE_STANDARD = "gnu++17";
				CLANG_ENABLE_MODULES = YES;
				CLANG_ENABLE_OBJC_ARC = YES;
				CLANG_ENABLE_OBJC_WEAK = YES;
				CLANG_WARN_BLOCK_CAPTURE_AUTORELEASING = YES;
				CLANG_WARN_BOOL_CONVERSION = YES;
				CLANG_WARN_COMMA = YES;
				CLANG_WARN_CONSTANT_CONVERSION = YES;
				CLANG_WARN_DEPRECATED_OBJC_IMPLEMENTATIONS = YES;
				CLANG_WARN_DIRECT_OBJC_ISA_USAGE = YES_ERROR;
				CLANG_WARN_DOCUMENTATION_COMMENTS = YES;
				CLANG_WARN_EMPTY_BODY = YES;
				CLANG_WARN_ENUM_CONVERSION = YES;
				CLANG_WARN_INFINITE_RECURSION = YES;
				CLANG_WARN_INT_CONVERSION = YES;
				CLANG_WARN_NON_LITERAL_NULL_CONVERSION = YES;
				CLANG_WARN_OBJC_IMPLICIT_RETAIN_SELF = YES;
				CLANG_WARN_OBJC_LITERAL_CONVERSION = YES;
				CLANG_WARN_OBJC_ROOT_CLASS = YES_ERROR;
				CLANG_WARN_QUOTED_INCLUDE_IN_FRAMEWORK_HEADER = YES;
				CLANG_WARN_RANGE_LOOP_ANALYSIS = YES;
				CLANG_WARN_STRICT_PROTOTYPES = YES;
				CLANG_WARN_SUSPICIOUS_MOVE = YES;
				CLANG_WARN_UNGUARDED_AVAILABILITY = YES_AGGRESSIVE;
				CLANG_WARN_UNREACHABLE_CODE = YES;
				CLANG_WARN__DUPLICATE_METHOD_MATCH = YES;
				COPY_PHASE_STRIP = NO;
				DEBUG_INFORMATION_FORMAT = "dwarf-with-dsym";
				ENABLE_NS_ASSERTIONS = NO;
				ENABLE_STRICT_OBJC_MSGSEND = YES;
				GCC_C_LANGUAGE_STANDARD = gnu11;
				GCC_NO_COMMON_BLOCKS = YES;
				GCC_WARN_64_TO_32_BIT_CONVERSION = YES;
				GCC_WARN_ABOUT_RETURN_TYPE = YES_ERROR;
				GCC_WARN_UNDECLARED_SELECTOR = YES;
				GCC_WARN_UNINITIALIZED_AUTOS = YES_AGGRESSIVE;
				GCC_WARN_UNUSED_FUNCTION = YES;
				GCC_WARN_UNUSED_VARIABLE = YES;
				IPHONEOS_DEPLOYMENT_TARGET = 15.4;
				MTL_ENABLE_DEBUG_INFO = NO;
				MTL_FAST_MATH = YES;
				SDKROOT = iphoneos;
				SWIFT_COMPILATION_MODE = wholemodule;
				SWIFT_OPTIMIZATION_LEVEL = "-O";
				VALIDATE_PRODUCT = YES;
			};
			name = Release;
		};
		7806D38728276D1300B38A0F /* Debug */ = {
			isa = XCBuildConfiguration;
			buildSettings = {
				ASSETCATALOG_COMPILER_APPICON_NAME = AppIcon;
				ASSETCATALOG_COMPILER_GLOBAL_ACCENT_COLOR_NAME = AccentColor;
				CODE_SIGN_STYLE = Automatic;
				CURRENT_PROJECT_VERSION = 1;
				DEVELOPMENT_TEAM = 444BVR3W4R;
				GENERATE_INFOPLIST_FILE = YES;
				INFOPLIST_FILE = collectionviewdemo/Info.plist;
				INFOPLIST_KEY_UIApplicationSupportsIndirectInputEvents = YES;
				INFOPLIST_KEY_UILaunchStoryboardName = LaunchScreen;
				INFOPLIST_KEY_UIMainStoryboardFile = Main;
				INFOPLIST_KEY_UISupportedInterfaceOrientations_iPad = "UIInterfaceOrientationPortrait UIInterfaceOrientationPortraitUpsideDown UIInterfaceOrientationLandscapeLeft UIInterfaceOrientationLandscapeRight";
				INFOPLIST_KEY_UISupportedInterfaceOrientations_iPhone = "UIInterfaceOrientationPortrait UIInterfaceOrientationLandscapeLeft UIInterfaceOrientationLandscapeRight";
				LD_RUNPATH_SEARCH_PATHS = (
					"$(inherited)",
					"@executable_path/Frameworks",
				);
				MARKETING_VERSION = 1.0;
				PRODUCT_BUNDLE_IDENTIFIER = com.somecom.collectionviewdemo;
				PRODUCT_NAME = "$(TARGET_NAME)";
				SWIFT_EMIT_LOC_STRINGS = YES;
				SWIFT_VERSION = 5.0;
				TARGETED_DEVICE_FAMILY = "1,2";
			};
			name = Debug;
		};
		7806D38828276D1300B38A0F /* Release */ = {
			isa = XCBuildConfiguration;
			buildSettings = {
				ASSETCATALOG_COMPILER_APPICON_NAME = AppIcon;
				ASSETCATALOG_COMPILER_GLOBAL_ACCENT_COLOR_NAME = AccentColor;
				CODE_SIGN_STYLE = Automatic;
				CURRENT_PROJECT_VERSION = 1;
				DEVELOPMENT_TEAM = 444BVR3W4R;
				GENERATE_INFOPLIST_FILE = YES;
				INFOPLIST_FILE = collectionviewdemo/Info.plist;
				INFOPLIST_KEY_UIApplicationSupportsIndirectInputEvents = YES;
				INFOPLIST_KEY_UILaunchStoryboardName = LaunchScreen;
				INFOPLIST_KEY_UIMainStoryboardFile = Main;
				INFOPLIST_KEY_UISupportedInterfaceOrientations_iPad = "UIInterfaceOrientationPortrait UIInterfaceOrientationPortraitUpsideDown UIInterfaceOrientationLandscapeLeft UIInterfaceOrientationLandscapeRight";
				INFOPLIST_KEY_UISupportedInterfaceOrientations_iPhone = "UIInterfaceOrientationPortrait UIInterfaceOrientationLandscapeLeft UIInterfaceOrientationLandscapeRight";
				LD_RUNPATH_SEARCH_PATHS = (
					"$(inherited)",
					"@executable_path/Frameworks",
				);
				MARKETING_VERSION = 1.0;
				PRODUCT_BUNDLE_IDENTIFIER = com.somecom.collectionviewdemo;
				PRODUCT_NAME = "$(TARGET_NAME)";
				SWIFT_EMIT_LOC_STRINGS = YES;
				SWIFT_VERSION = 5.0;
				TARGETED_DEVICE_FAMILY = "1,2";
			};
			name = Release;
		};
/* End XCBuildConfiguration section */

/* Begin XCConfigurationList section */
		7806D36D28276D0E00B38A0F /* Build configuration list for PBXProject "collectionviewdemo" */ = {
			isa = XCConfigurationList;
			buildConfigurations = (
				7806D38428276D1300B38A0F /* Debug */,
				7806D38528276D1300B38A0F /* Release */,
			);
			defaultConfigurationIsVisible = 0;
			defaultConfigurationName = Release;
		};
		7806D38628276D1300B38A0F /* Build configuration list for PBXNativeTarget "collectionviewdemo" */ = {
			isa = XCConfigurationList;
			buildConfigurations = (
				7806D38728276D1300B38A0F /* Debug */,
				7806D38828276D1300B38A0F /* Release */,
			);
			defaultConfigurationIsVisible = 0;
			defaultConfigurationName = Release;
		};
/* End XCConfigurationList section */
	};
	rootObject = 7806D36A28276D0E00B38A0F /* Project object */;
}
